
Microsoft Visual Studio Solution File, Format Version 12.00
# Visual Studio Version 17
VisualStudioVersion = 17.9.34728.123
MinimumVisualStudioVersion = 10.0.40219.1
Project("{FAE04EC0-301F-11D3-BF4B-00C04F79EFBC}") = "A1ShaneeLabaniego", "A1ShaneeLabaniego.csproj", "{0A69AFDC-AA90-4435-B231-FB35C4A9AC52}"
EndProject
Global
	GlobalSection(SolutionConfigurationPlatforms) = preSolution
		Debug|Any CPU = Debug|Any CPU
		Release|Any CPU = Release|Any CPU
	EndGlobalSection
	GlobalSection(ProjectConfigurationPlatforms) = postSolution
		{0A69AFDC-AA90-4435-B231-FB35C4A9AC52}.Debug|Any CPU.ActiveCfg = Debug|Any CPU
		{0A69AFDC-AA90-4435-B231-FB35C4A9AC52}.Debug|Any CPU.Build.0 = Debug|Any CPU
		{0A69AFDC-AA90-4435-B231-FB35C4A9AC52}.Release|Any CPU.ActiveCfg = Release|Any CPU
		{0A69AFDC-AA90-4435-B231-FB35C4A9AC52}.Release|Any CPU.Build.0 = Release|Any CPU
	EndGlobalSection
	GlobalSection(SolutionProperties) = preSolution
		HideSolutionNode = FALSE
	EndGlobalSection
	GlobalSection(ExtensibilityGlobals) = postSolution
		SolutionGuid = {99A1528F-A3FE-40CF-85CB-20F854D22E68}
	EndGlobalSection
EndGlobal
